
Microsoft Visual Studio Solution File, Format Version 12.00
# Visual Studio 15
Project("{FAE04EC0-301F-11D3-BF4B-00C04F79EFBC}") = "Assembly-CSharp-firstpass", "Assembly-CSharp-firstpass.csproj", "{E0D09EBA-0FF5-1A56-CC9A-E4973DDCD783}"
EndProject
Project("{FAE04EC0-301F-11D3-BF4B-00C04F79EFBC}") = "Assembly-CSharp", "Assembly-CSharp.csproj", "{D0007EE5-A69F-B9CC-92D6-6965199DB3AE}"
EndProject
Global
	GlobalSection(SolutionConfigurationPlatforms) = preSolution
		Debug|Any CPU = Debug|Any CPU
		Release|Any CPU = Release|Any CPU
	EndGlobalSection
	GlobalSection(ProjectConfigurationPlatforms) = postSolution
		{E0D09EBA-0FF5-1A56-CC9A-E4973DDCD783}.Debug|Any CPU.ActiveCfg = Debug|Any CPU
		{E0D09EBA-0FF5-1A56-CC9A-E4973DDCD783}.Debug|Any CPU.Build.0 = Debug|Any CPU
		{E0D09EBA-0FF5-1A56-CC9A-E4973DDCD783}.Release|Any CPU.ActiveCfg = Release|Any CPU
		{E0D09EBA-0FF5-1A56-CC9A-E4973DDCD783}.Release|Any CPU.Build.0 = Release|Any CPU
		{D0007EE5-A69F-B9CC-92D6-6965199DB3AE}.Debug|Any CPU.ActiveCfg = Debug|Any CPU
		{D0007EE5-A69F-B9CC-92D6-6965199DB3AE}.Debug|Any CPU.Build.0 = Debug|Any CPU
		{D0007EE5-A69F-B9CC-92D6-6965199DB3AE}.Release|Any CPU.ActiveCfg = Release|Any CPU
		{D0007EE5-A69F-B9CC-92D6-6965199DB3AE}.Release|Any CPU.Build.0 = Release|Any CPU
	EndGlobalSection
	GlobalSection(SolutionProperties) = preSolution
		HideSolutionNode = FALSE
	EndGlobalSection
EndGlobal
